
Microsoft Visual Studio Solution File, Format Version 12.00
# Visual Studio Version 17
VisualStudioVersion = 17.1.32328.378
MinimumVisualStudioVersion = 10.0.40219.1
Project("{9A19103F-16F7-4668-BE54-9A1E7A4F7556}") = "SI9", "SI9\SI9.csproj", "{24C1E4C0-ACF8-4059-8E72-BC68BB4BC969}"
EndProject
Project("{9A19103F-16F7-4668-BE54-9A1E7A4F7556}") = "Algorithms.API", "Algorithms.API\Algorithms.API.csproj", "{C3AC9AE4-1A2D-429F-A6C9-0F53E221E6B3}"
EndProject
Project("{9A19103F-16F7-4668-BE54-9A1E7A4F7556}") = "Shared", "Shared\Shared.csproj", "{55C029D2-A2DE-42C6-B78C-3D92F138C418}"
EndProject
Project("{9A19103F-16F7-4668-BE54-9A1E7A4F7556}") = "ApiGateway", "ApiGateway\ApiGateway.csproj", "{D01B402F-95FB-46E7-839B-5DCE7DC386A2}"
EndProject
Project("{9A19103F-16F7-4668-BE54-9A1E7A4F7556}") = "WorkerService", "WorkerService\WorkerService.csproj", "{B64084F8-ADEF-4296-A9FE-E3363E00636D}"
EndProject
Project("{E53339B2-1760-4266-BCC7-CA923CBCF16C}") = "docker-compose", "docker-compose.dcproj", "{7CB20647-2ABF-4E63-878A-CBFFCEB9CBE5}"
EndProject
Global
	GlobalSection(SolutionConfigurationPlatforms) = preSolution
		Debug|Any CPU = Debug|Any CPU
		Release|Any CPU = Release|Any CPU
	EndGlobalSection
	GlobalSection(ProjectConfigurationPlatforms) = postSolution
		{24C1E4C0-ACF8-4059-8E72-BC68BB4BC969}.Debug|Any CPU.ActiveCfg = Debug|Any CPU
		{24C1E4C0-ACF8-4059-8E72-BC68BB4BC969}.Debug|Any CPU.Build.0 = Debug|Any CPU
		{24C1E4C0-ACF8-4059-8E72-BC68BB4BC969}.Release|Any CPU.ActiveCfg = Release|Any CPU
		{24C1E4C0-ACF8-4059-8E72-BC68BB4BC969}.Release|Any CPU.Build.0 = Release|Any CPU
		{C3AC9AE4-1A2D-429F-A6C9-0F53E221E6B3}.Debug|Any CPU.ActiveCfg = Debug|Any CPU
		{C3AC9AE4-1A2D-429F-A6C9-0F53E221E6B3}.Debug|Any CPU.Build.0 = Debug|Any CPU
		{C3AC9AE4-1A2D-429F-A6C9-0F53E221E6B3}.Release|Any CPU.ActiveCfg = Release|Any CPU
		{C3AC9AE4-1A2D-429F-A6C9-0F53E221E6B3}.Release|Any CPU.Build.0 = Release|Any CPU
		{55C029D2-A2DE-42C6-B78C-3D92F138C418}.Debug|Any CPU.ActiveCfg = Debug|Any CPU
		{55C029D2-A2DE-42C6-B78C-3D92F138C418}.Debug|Any CPU.Build.0 = Debug|Any CPU
		{55C029D2-A2DE-42C6-B78C-3D92F138C418}.Release|Any CPU.ActiveCfg = Release|Any CPU
		{55C029D2-A2DE-42C6-B78C-3D92F138C418}.Release|Any CPU.Build.0 = Release|Any CPU
		{D01B402F-95FB-46E7-839B-5DCE7DC386A2}.Debug|Any CPU.ActiveCfg = Debug|Any CPU
		{D01B402F-95FB-46E7-839B-5DCE7DC386A2}.Debug|Any CPU.Build.0 = Debug|Any CPU
		{D01B402F-95FB-46E7-839B-5DCE7DC386A2}.Release|Any CPU.ActiveCfg = Release|Any CPU
		{D01B402F-95FB-46E7-839B-5DCE7DC386A2}.Release|Any CPU.Build.0 = Release|Any CPU
		{B64084F8-ADEF-4296-A9FE-E3363E00636D}.Debug|Any CPU.ActiveCfg = Debug|Any CPU
		{B64084F8-ADEF-4296-A9FE-E3363E00636D}.Debug|Any CPU.Build.0 = Debug|Any CPU
		{B64084F8-ADEF-4296-A9FE-E3363E00636D}.Release|Any CPU.ActiveCfg = Release|Any CPU
		{B64084F8-ADEF-4296-A9FE-E3363E00636D}.Release|Any CPU.Build.0 = Release|Any CPU
		{7CB20647-2ABF-4E63-878A-CBFFCEB9CBE5}.Debug|Any CPU.ActiveCfg = Debug|Any CPU
		{7CB20647-2ABF-4E63-878A-CBFFCEB9CBE5}.Debug|Any CPU.Build.0 = Debug|Any CPU
		{7CB20647-2ABF-4E63-878A-CBFFCEB9CBE5}.Release|Any CPU.ActiveCfg = Release|Any CPU
		{7CB20647-2ABF-4E63-878A-CBFFCEB9CBE5}.Release|Any CPU.Build.0 = Release|Any CPU
	EndGlobalSection
	GlobalSection(SolutionProperties) = preSolution
		HideSolutionNode = FALSE
	EndGlobalSection
	GlobalSection(ExtensibilityGlobals) = postSolution
		SolutionGuid = {BDEA4007-C1EA-45DD-A4AC-C9A438211798}
	EndGlobalSection
EndGlobal
